
Microsoft Visual Studio Solution File, Format Version 10.00
# Visual Studio 2008
Project("{FAE04EC0-301F-11D3-BF4B-00C04F79EFBC}") = "sgsubdotnet", "sgsubdotnet\sgsubdotnet.csproj", "{DF34F3A6-1DD7-4753-9A44-9AD71AA7B97E}"
EndProject
Project("{FAE04EC0-301F-11D3-BF4B-00C04F79EFBC}") = "Subtitle", "Subtitle\Subtitle.csproj", "{0CBB1C5A-AB92-44D1-A0DA-44C80F8A27B6}"
EndProject
Project("{FAE04EC0-301F-11D3-BF4B-00C04F79EFBC}") = "Config", "Config\Config.csproj", "{5CAAC511-8895-4C8F-BFF6-73A912BCFE3A}"
EndProject
Project("{FAE04EC0-301F-11D3-BF4B-00C04F79EFBC}") = "WaveReader", "WaveReader\WaveReader.csproj", "{66428FAC-8E3C-4BFF-8268-069398389696}"
	ProjectSection(ProjectDependencies) = postProject
		{BA8976D3-5768-4DA0-9446-04110DC73DD8} = {BA8976D3-5768-4DA0-9446-04110DC73DD8}
	EndProjectSection
EndProject
Project("{8BC9CEB8-8B4A-11D0-8D11-00A0C91BC942}") = "fftsupport", "fftsupport\fftsupport.vcproj", "{BA8976D3-5768-4DA0-9446-04110DC73DD8}"
EndProject
Project("{54435603-DBB4-11D2-8724-00A0C9A8B90C}") = "SGSUBInstall", "SGSUBInstall\SGSUBInstall.vdproj", "{2FB0A15E-CD4D-4C47-890A-99C160F914B4}"
EndProject
Project("{FAE04EC0-301F-11D3-BF4B-00C04F79EFBC}") = "VideoPlayer", "VideoPlayer\VideoPlayer.csproj", "{919513CF-DF3A-4F66-8BAC-2988EF98EB97}"
EndProject
Project("{FAE04EC0-301F-11D3-BF4B-00C04F79EFBC}") = "SGSControls", "SGSControls\SGSControls.csproj", "{BDFF0BC9-EE7E-4378-A319-D0CAF96E2CA1}"
EndProject
Global
	GlobalSection(SolutionConfigurationPlatforms) = preSolution
		Debug|Any CPU = Debug|Any CPU
		Debug|Mixed Platforms = Debug|Mixed Platforms
		Debug|x86 = Debug|x86
		Release|Any CPU = Release|Any CPU
		Release|Mixed Platforms = Release|Mixed Platforms
		Release|x86 = Release|x86
	EndGlobalSection
	GlobalSection(ProjectConfigurationPlatforms) = postSolution
		{DF34F3A6-1DD7-4753-9A44-9AD71AA7B97E}.Debug|Any CPU.ActiveCfg = Debug|Any CPU
		{DF34F3A6-1DD7-4753-9A44-9AD71AA7B97E}.Debug|Any CPU.Build.0 = Debug|Any CPU
		{DF34F3A6-1DD7-4753-9A44-9AD71AA7B97E}.Debug|Mixed Platforms.ActiveCfg = Debug|x86
		{DF34F3A6-1DD7-4753-9A44-9AD71AA7B97E}.Debug|Mixed Platforms.Build.0 = Debug|x86
		{DF34F3A6-1DD7-4753-9A44-9AD71AA7B97E}.Debug|x86.ActiveCfg = Debug|x86
		{DF34F3A6-1DD7-4753-9A44-9AD71AA7B97E}.Debug|x86.Build.0 = Debug|x86
		{DF34F3A6-1DD7-4753-9A44-9AD71AA7B97E}.Release|Any CPU.ActiveCfg = Release|Any CPU
		{DF34F3A6-1DD7-4753-9A44-9AD71AA7B97E}.Release|Any CPU.Build.0 = Release|Any CPU
		{DF34F3A6-1DD7-4753-9A44-9AD71AA7B97E}.Release|Mixed Platforms.ActiveCfg = Release|x86
		{DF34F3A6-1DD7-4753-9A44-9AD71AA7B97E}.Release|Mixed Platforms.Build.0 = Release|x86
		{DF34F3A6-1DD7-4753-9A44-9AD71AA7B97E}.Release|x86.ActiveCfg = Release|x86
		{DF34F3A6-1DD7-4753-9A44-9AD71AA7B97E}.Release|x86.Build.0 = Release|x86
		{0CBB1C5A-AB92-44D1-A0DA-44C80F8A27B6}.Debug|Any CPU.ActiveCfg = Debug|Any CPU
		{0CBB1C5A-AB92-44D1-A0DA-44C80F8A27B6}.Debug|Any CPU.Build.0 = Debug|Any CPU
		{0CBB1C5A-AB92-44D1-A0DA-44C80F8A27B6}.Debug|Mixed Platforms.ActiveCfg = Debug|x86
		{0CBB1C5A-AB92-44D1-A0DA-44C80F8A27B6}.Debug|Mixed Platforms.Build.0 = Debug|x86
		{0CBB1C5A-AB92-44D1-A0DA-44C80F8A27B6}.Debug|x86.ActiveCfg = Debug|x86
		{0CBB1C5A-AB92-44D1-A0DA-44C80F8A27B6}.Debug|x86.Build.0 = Debug|x86
		{0CBB1C5A-AB92-44D1-A0DA-44C80F8A27B6}.Release|Any CPU.ActiveCfg = Release|Any CPU
		{0CBB1C5A-AB92-44D1-A0DA-44C80F8A27B6}.Release|Any CPU.Build.0 = Release|Any CPU
		{0CBB1C5A-AB92-44D1-A0DA-44C80F8A27B6}.Release|Mixed Platforms.ActiveCfg = Release|x86
		{0CBB1C5A-AB92-44D1-A0DA-44C80F8A27B6}.Release|Mixed Platforms.Build.0 = Release|x86
		{0CBB1C5A-AB92-44D1-A0DA-44C80F8A27B6}.Release|x86.ActiveCfg = Release|x86
		{0CBB1C5A-AB92-44D1-A0DA-44C80F8A27B6}.Release|x86.Build.0 = Release|x86
		{5CAAC511-8895-4C8F-BFF6-73A912BCFE3A}.Debug|Any CPU.ActiveCfg = Debug|Any CPU
		{5CAAC511-8895-4C8F-BFF6-73A912BCFE3A}.Debug|Any CPU.Build.0 = Debug|Any CPU
		{5CAAC511-8895-4C8F-BFF6-73A912BCFE3A}.Debug|Mixed Platforms.ActiveCfg = Debug|x86
		{5CAAC511-8895-4C8F-BFF6-73A912BCFE3A}.Debug|Mixed Platforms.Build.0 = Debug|x86
		{5CAAC511-8895-4C8F-BFF6-73A912BCFE3A}.Debug|x86.ActiveCfg = Debug|x86
		{5CAAC511-8895-4C8F-BFF6-73A912BCFE3A}.Debug|x86.Build.0 = Debug|x86
		{5CAAC511-8895-4C8F-BFF6-73A912BCFE3A}.Release|Any CPU.ActiveCfg = Release|Any CPU
		{5CAAC511-8895-4C8F-BFF6-73A912BCFE3A}.Release|Any CPU.Build.0 = Release|Any CPU
		{5CAAC511-8895-4C8F-BFF6-73A912BCFE3A}.Release|Mixed Platforms.ActiveCfg = Release|x86
		{5CAAC511-8895-4C8F-BFF6-73A912BCFE3A}.Release|Mixed Platforms.Build.0 = Release|x86
		{5CAAC511-8895-4C8F-BFF6-73A912BCFE3A}.Release|x86.ActiveCfg = Release|x86
		{5CAAC511-8895-4C8F-BFF6-73A912BCFE3A}.Release|x86.Build.0 = Release|x86
		{66428FAC-8E3C-4BFF-8268-069398389696}.Debug|Any CPU.ActiveCfg = Debug|Any CPU
		{66428FAC-8E3C-4BFF-8268-069398389696}.Debug|Any CPU.Build.0 = Debug|Any CPU
		{66428FAC-8E3C-4BFF-8268-069398389696}.Debug|Mixed Platforms.ActiveCfg = Debug|x86
		{66428FAC-8E3C-4BFF-8268-069398389696}.Debug|Mixed Platforms.Build.0 = Debug|x86
		{66428FAC-8E3C-4BFF-8268-069398389696}.Debug|x86.ActiveCfg = Debug|x86
		{66428FAC-8E3C-4BFF-8268-069398389696}.Debug|x86.Build.0 = Debug|x86
		{66428FAC-8E3C-4BFF-8268-069398389696}.Release|Any CPU.ActiveCfg = Release|Any CPU
		{66428FAC-8E3C-4BFF-8268-069398389696}.Release|Any CPU.Build.0 = Release|Any CPU
		{66428FAC-8E3C-4BFF-8268-069398389696}.Release|Mixed Platforms.ActiveCfg = Release|x86
		{66428FAC-8E3C-4BFF-8268-069398389696}.Release|Mixed Platforms.Build.0 = Release|x86
		{66428FAC-8E3C-4BFF-8268-069398389696}.Release|x86.ActiveCfg = Release|x86
		{66428FAC-8E3C-4BFF-8268-069398389696}.Release|x86.Build.0 = Release|x86
		{BA8976D3-5768-4DA0-9446-04110DC73DD8}.Debug|Any CPU.ActiveCfg = Debug|Win32
		{BA8976D3-5768-4DA0-9446-04110DC73DD8}.Debug|Mixed Platforms.ActiveCfg = Debug|Win32
		{BA8976D3-5768-4DA0-9446-04110DC73DD8}.Debug|Mixed Platforms.Build.0 = Debug|Win32
		{BA8976D3-5768-4DA0-9446-04110DC73DD8}.Debug|x86.ActiveCfg = Debug|Win32
		{BA8976D3-5768-4DA0-9446-04110DC73DD8}.Debug|x86.Build.0 = Debug|Win32
		{BA8976D3-5768-4DA0-9446-04110DC73DD8}.Release|Any CPU.ActiveCfg = Release|Win32
		{BA8976D3-5768-4DA0-9446-04110DC73DD8}.Release|Mixed Platforms.ActiveCfg = Release|Win32
		{BA8976D3-5768-4DA0-9446-04110DC73DD8}.Release|Mixed Platforms.Build.0 = Release|Win32
		{BA8976D3-5768-4DA0-9446-04110DC73DD8}.Release|x86.ActiveCfg = Release|Win32
		{BA8976D3-5768-4DA0-9446-04110DC73DD8}.Release|x86.Build.0 = Release|Win32
		{2FB0A15E-CD4D-4C47-890A-99C160F914B4}.Debug|Any CPU.ActiveCfg = Debug
		{2FB0A15E-CD4D-4C47-890A-99C160F914B4}.Debug|Any CPU.Build.0 = Debug
		{2FB0A15E-CD4D-4C47-890A-99C160F914B4}.Debug|Mixed Platforms.ActiveCfg = Debug
		{2FB0A15E-CD4D-4C47-890A-99C160F914B4}.Debug|x86.ActiveCfg = Debug
		{2FB0A15E-CD4D-4C47-890A-99C160F914B4}.Release|Any CPU.ActiveCfg = Release
		{2FB0A15E-CD4D-4C47-890A-99C160F914B4}.Release|Any CPU.Build.0 = Release
		{2FB0A15E-CD4D-4C47-890A-99C160F914B4}.Release|Mixed Platforms.ActiveCfg = Release
		{2FB0A15E-CD4D-4C47-890A-99C160F914B4}.Release|x86.ActiveCfg = Release
		{919513CF-DF3A-4F66-8BAC-2988EF98EB97}.Debug|Any CPU.ActiveCfg = Debug|Any CPU
		{919513CF-DF3A-4F66-8BAC-2988EF98EB97}.Debug|Any CPU.Build.0 = Debug|Any CPU
		{919513CF-DF3A-4F66-8BAC-2988EF98EB97}.Debug|Mixed Platforms.ActiveCfg = Debug|x86
		{919513CF-DF3A-4F66-8BAC-2988EF98EB97}.Debug|Mixed Platforms.Build.0 = Debug|x86
		{919513CF-DF3A-4F66-8BAC-2988EF98EB97}.Debug|x86.ActiveCfg = Debug|x86
		{919513CF-DF3A-4F66-8BAC-2988EF98EB97}.Debug|x86.Build.0 = Debug|x86
		{919513CF-DF3A-4F66-8BAC-2988EF98EB97}.Release|Any CPU.ActiveCfg = Release|Any CPU
		{919513CF-DF3A-4F66-8BAC-2988EF98EB97}.Release|Any CPU.Build.0 = Release|Any CPU
		{919513CF-DF3A-4F66-8BAC-2988EF98EB97}.Release|Mixed Platforms.ActiveCfg = Release|x86
		{919513CF-DF3A-4F66-8BAC-2988EF98EB97}.Release|Mixed Platforms.Build.0 = Release|x86
		{919513CF-DF3A-4F66-8BAC-2988EF98EB97}.Release|x86.ActiveCfg = Release|x86
		{919513CF-DF3A-4F66-8BAC-2988EF98EB97}.Release|x86.Build.0 = Release|x86
		{BDFF0BC9-EE7E-4378-A319-D0CAF96E2CA1}.Debug|Any CPU.ActiveCfg = Debug|Any CPU
		{BDFF0BC9-EE7E-4378-A319-D0CAF96E2CA1}.Debug|Any CPU.Build.0 = Debug|Any CPU
		{BDFF0BC9-EE7E-4378-A319-D0CAF96E2CA1}.Debug|Mixed Platforms.ActiveCfg = Debug|Any CPU
		{BDFF0BC9-EE7E-4378-A319-D0CAF96E2CA1}.Debug|Mixed Platforms.Build.0 = Debug|Any CPU
		{BDFF0BC9-EE7E-4378-A319-D0CAF96E2CA1}.Debug|x86.ActiveCfg = Debug|Any CPU
		{BDFF0BC9-EE7E-4378-A319-D0CAF96E2CA1}.Release|Any CPU.ActiveCfg = Release|Any CPU
		{BDFF0BC9-EE7E-4378-A319-D0CAF96E2CA1}.Release|Any CPU.Build.0 = Release|Any CPU
		{BDFF0BC9-EE7E-4378-A319-D0CAF96E2CA1}.Release|Mixed Platforms.ActiveCfg = Release|Any CPU
		{BDFF0BC9-EE7E-4378-A319-D0CAF96E2CA1}.Release|Mixed Platforms.Build.0 = Release|Any CPU
		{BDFF0BC9-EE7E-4378-A319-D0CAF96E2CA1}.Release|x86.ActiveCfg = Release|Any CPU
	EndGlobalSection
	GlobalSection(SolutionProperties) = preSolution
		HideSolutionNode = FALSE
	EndGlobalSection
EndGlobal
