
Microsoft Visual Studio Solution File, Format Version 10.00
# Visual Studio 2008
Project("{FAE04EC0-301F-11D3-BF4B-00C04F79EFBC}") = "WaveReader", "WaveReader\WaveReader.csproj", "{66428FAC-8E3C-4BFF-8268-069398389696}"
	ProjectSection(ProjectDependencies) = postProject
		{BA8976D3-5768-4DA0-9446-04110DC73DD8} = {BA8976D3-5768-4DA0-9446-04110DC73DD8}
	EndProjectSection
EndProject
Project("{8BC9CEB8-8B4A-11D0-8D11-00A0C91BC942}") = "fftsupport", "fftsupport\fftsupport.vcproj", "{BA8976D3-5768-4DA0-9446-04110DC73DD8}"
EndProject
Project("{54435603-DBB4-11D2-8724-00A0C9A8B90C}") = "SGSUBInstall", "SGSUBInstall\SGSUBInstall.vdproj", "{2FB0A15E-CD4D-4C47-890A-99C160F914B4}"
EndProject
Project("{FAE04EC0-301F-11D3-BF4B-00C04F79EFBC}") = "VideoPlayer", "VideoPlayer\VideoPlayer.csproj", "{919513CF-DF3A-4F66-8BAC-2988EF98EB97}"
EndProject
Project("{FAE04EC0-301F-11D3-BF4B-00C04F79EFBC}") = "SGSControls", "SGSControls\SGSControls.csproj", "{BDFF0BC9-EE7E-4378-A319-D0CAF96E2CA1}"
	ProjectSection(ProjectDependencies) = postProject
		{00973297-A474-4389-BC88-014EBBAB9D2A} = {00973297-A474-4389-BC88-014EBBAB9D2A}
	EndProjectSection
EndProject
Project("{FAE04EC0-301F-11D3-BF4B-00C04F79EFBC}") = "test", "test\test.csproj", "{1A4FC202-FBE8-4752-AA83-1FEC1171318D}"
EndProject
Project("{FAE04EC0-301F-11D3-BF4B-00C04F79EFBC}") = "sgsubtr", "sgsubtr\sgsubtr.csproj", "{1634A5E2-705C-43B5-8F6A-F0FED8C598C9}"
EndProject
Project("{8BC9CEB8-8B4A-11D0-8D11-00A0C91BC942}") = "wsolalib", "wsolalib\wsolalib.vcproj", "{00973297-A474-4389-BC88-014EBBAB9D2A}"
EndProject
Project("{FAE04EC0-301F-11D3-BF4B-00C04F79EFBC}") = "SGSDatatype", "SGSDatatype\SGSDatatype.csproj", "{76586FC3-5D8E-40EB-8662-32B4F2950C5F}"
EndProject
Global
	GlobalSection(SolutionConfigurationPlatforms) = preSolution
		Debug|x86 = Debug|x86
		Release|x86 = Release|x86
	EndGlobalSection
	GlobalSection(ProjectConfigurationPlatforms) = postSolution
		{66428FAC-8E3C-4BFF-8268-069398389696}.Debug|x86.ActiveCfg = Debug|x86
		{66428FAC-8E3C-4BFF-8268-069398389696}.Debug|x86.Build.0 = Debug|x86
		{66428FAC-8E3C-4BFF-8268-069398389696}.Release|x86.ActiveCfg = Release|x86
		{66428FAC-8E3C-4BFF-8268-069398389696}.Release|x86.Build.0 = Release|x86
		{BA8976D3-5768-4DA0-9446-04110DC73DD8}.Debug|x86.ActiveCfg = Debug|Win32
		{BA8976D3-5768-4DA0-9446-04110DC73DD8}.Debug|x86.Build.0 = Debug|Win32
		{BA8976D3-5768-4DA0-9446-04110DC73DD8}.Release|x86.ActiveCfg = Release|Win32
		{BA8976D3-5768-4DA0-9446-04110DC73DD8}.Release|x86.Build.0 = Release|Win32
		{2FB0A15E-CD4D-4C47-890A-99C160F914B4}.Debug|x86.ActiveCfg = Debug
		{2FB0A15E-CD4D-4C47-890A-99C160F914B4}.Release|x86.ActiveCfg = Release
		{919513CF-DF3A-4F66-8BAC-2988EF98EB97}.Debug|x86.ActiveCfg = Debug|x86
		{919513CF-DF3A-4F66-8BAC-2988EF98EB97}.Debug|x86.Build.0 = Debug|x86
		{919513CF-DF3A-4F66-8BAC-2988EF98EB97}.Release|x86.ActiveCfg = Release|x86
		{919513CF-DF3A-4F66-8BAC-2988EF98EB97}.Release|x86.Build.0 = Release|x86
		{BDFF0BC9-EE7E-4378-A319-D0CAF96E2CA1}.Debug|x86.ActiveCfg = Debug|x86
		{BDFF0BC9-EE7E-4378-A319-D0CAF96E2CA1}.Debug|x86.Build.0 = Debug|x86
		{BDFF0BC9-EE7E-4378-A319-D0CAF96E2CA1}.Release|x86.ActiveCfg = Release|x86
		{BDFF0BC9-EE7E-4378-A319-D0CAF96E2CA1}.Release|x86.Build.0 = Release|x86
		{1A4FC202-FBE8-4752-AA83-1FEC1171318D}.Debug|x86.ActiveCfg = Debug|x86
		{1A4FC202-FBE8-4752-AA83-1FEC1171318D}.Debug|x86.Build.0 = Debug|x86
		{1A4FC202-FBE8-4752-AA83-1FEC1171318D}.Release|x86.ActiveCfg = Release|x86
		{1A4FC202-FBE8-4752-AA83-1FEC1171318D}.Release|x86.Build.0 = Release|x86
		{1634A5E2-705C-43B5-8F6A-F0FED8C598C9}.Debug|x86.ActiveCfg = Debug|x86
		{1634A5E2-705C-43B5-8F6A-F0FED8C598C9}.Debug|x86.Build.0 = Debug|x86
		{1634A5E2-705C-43B5-8F6A-F0FED8C598C9}.Release|x86.ActiveCfg = Release|x86
		{1634A5E2-705C-43B5-8F6A-F0FED8C598C9}.Release|x86.Build.0 = Release|x86
		{00973297-A474-4389-BC88-014EBBAB9D2A}.Debug|x86.ActiveCfg = Debug|Win32
		{00973297-A474-4389-BC88-014EBBAB9D2A}.Debug|x86.Build.0 = Debug|Win32
		{00973297-A474-4389-BC88-014EBBAB9D2A}.Release|x86.ActiveCfg = Release|Win32
		{00973297-A474-4389-BC88-014EBBAB9D2A}.Release|x86.Build.0 = Release|Win32
		{76586FC3-5D8E-40EB-8662-32B4F2950C5F}.Debug|x86.ActiveCfg = Debug|x86
		{76586FC3-5D8E-40EB-8662-32B4F2950C5F}.Debug|x86.Build.0 = Debug|x86
		{76586FC3-5D8E-40EB-8662-32B4F2950C5F}.Release|x86.ActiveCfg = Release|x86
		{76586FC3-5D8E-40EB-8662-32B4F2950C5F}.Release|x86.Build.0 = Release|x86
	EndGlobalSection
	GlobalSection(SolutionProperties) = preSolution
		HideSolutionNode = FALSE
	EndGlobalSection
EndGlobal
